// !$*UTF8*$!
{
	archiveVersion = 1;
	classes = {
	};
	objectVersion = 77;
	objects = {

/* Begin PBXBuildFile section */
		6DAA677F2E0D5B24003DCBAC /* FirebaseCore in Frameworks */ = {isa = PBXBuildFile; productRef = 6DAA677E2E0D5B24003DCBAC /* FirebaseCore */; };
		6DAA67812E0D5B24003DCBAC /* FirebaseFirestore in Frameworks */ = {isa = PBXBuildFile; productRef = 6DAA67802E0D5B24003DCBAC /* FirebaseFirestore */; };
/* End PBXBuildFile section */

/* Begin PBXContainerItemProxy section */
		6D20678D2E0D31B200CDE2AE /* PBXContainerItemProxy */ = {
			isa = PBXContainerItemProxy;
			containerPortal = 6D2067772E0D31AF00CDE2AE /* Project object */;
			proxyType = 1;
			remoteGlobalIDString = 6D20677E2E0D31AF00CDE2AE;
			remoteInfo = PassManager;
		};
		6D2067972E0D31B200CDE2AE /* PBXContainerItemProxy */ = {
			isa = PBXContainerItemProxy;
			containerPortal = 6D2067772E0D31AF00CDE2AE /* Project object */;
			proxyType = 1;
			remoteGlobalIDString = 6D20677E2E0D31AF00CDE2AE;
			remoteInfo = PassManager;
		};
/* End PBXContainerItemProxy section */

/* Begin PBXFileReference section */
		6D20677F2E0D31AF00CDE2AE /* PassManager.app */ = {isa = PBXFileReference; explicitFileType = wrapper.application; includeInIndex = 0; path = PassManager.app; sourceTree = BUILT_PRODUCTS_DIR; };
		6D20678C2E0D31B200CDE2AE /* PassManagerTests.xctest */ = {isa = PBXFileReference; explicitFileType = wrapper.cfbundle; includeInIndex = 0; path = PassManagerTests.xctest; sourceTree = BUILT_PRODUCTS_DIR; };
		6D2067962E0D31B200CDE2AE /* PassManagerUITests.xctest */ = {isa = PBXFileReference; explicitFileType = wrapper.cfbundle; includeInIndex = 0; path = PassManagerUITests.xctest; sourceTree = BUILT_PRODUCTS_DIR; };
/* End PBXFileReference section */

/* Begin PBXFileSystemSynchronizedRootGroup section */
		6D2067812E0D31AF00CDE2AE /* PassManager */ = {
			isa = PBXFileSystemSynchronizedRootGroup;
			path = PassManager;
			sourceTree = "<group>";
		};
		6D20678F2E0D31B200CDE2AE /* PassManagerTests */ = {
			isa = PBXFileSystemSynchronizedRootGroup;
			path = PassManagerTests;
			sourceTree = "<group>";
		};
		6D2067992E0D31B200CDE2AE /* PassManagerUITests */ = {
			isa = PBXFileSystemSynchronizedRootGroup;
			path = PassManagerUITests;
			sourceTree = "<group>";
		};
/* End PBXFileSystemSynchronizedRootGroup section */

/* Begin PBXFrameworksBuildPhase section */
		6D20677C2E0D31AF00CDE2AE /* Frameworks */ = {
			isa = PBXFrameworksBuildPhase;
			buildActionMask = 2147483647;
			files = (
				6DAA677F2E0D5B24003DCBAC /* FirebaseCore in Frameworks */,
				6DAA67812E0D5B24003DCBAC /* FirebaseFirestore in Frameworks */,
			);
			runOnlyForDeploymentPostprocessing = 0;
		};
		6D2067892E0D31B200CDE2AE /* Frameworks */ = {
			isa = PBXFrameworksBuildPhase;
			buildActionMask = 2147483647;
			files = (
			);
			runOnlyForDeploymentPostprocessing = 0;
		};
		6D2067932E0D31B200CDE2AE /* Frameworks */ = {
			isa = PBXFrameworksBuildPhase;
			buildActionMask = 2147483647;
			files = (
			);
			runOnlyForDeploymentPostprocessing = 0;
		};
/* End PBXFrameworksBuildPhase section */

/* Begin PBXGroup section */
		6D2067762E0D31AF00CDE2AE = {
			isa = PBXGroup;
			children = (
				6D2067812E0D31AF00CDE2AE /* PassManager */,
				6D20678F2E0D31B200CDE2AE /* PassManagerTests */,
				6D2067992E0D31B200CDE2AE /* PassManagerUITests */,
				6D2067802E0D31AF00CDE2AE /* Products */,
			);
			sourceTree = "<group>";
		};
		6D2067802E0D31AF00CDE2AE /* Products */ = {
			isa = PBXGroup;
			children = (
				6D20677F2E0D31AF00CDE2AE /* PassManager.app */,
				6D20678C2E0D31B200CDE2AE /* PassManagerTests.xctest */,
				6D2067962E0D31B200CDE2AE /* PassManagerUITests.xctest */,
			);
			name = Products;
			sourceTree = "<group>";
		};
/* End PBXGroup section */

/* Begin PBXNativeTarget section */
		6D20677E2E0D31AF00CDE2AE /* PassManager */ = {
			isa = PBXNativeTarget;
			buildConfigurationList = 6D2067A02E0D31B200CDE2AE /* Build configuration list for PBXNativeTarget "PassManager" */;
			buildPhases = (
				6D20677B2E0D31AF00CDE2AE /* Sources */,
				6D20677C2E0D31AF00CDE2AE /* Frameworks */,
				6D20677D2E0D31AF00CDE2AE /* Resources */,
			);
			buildRules = (
			);
			dependencies = (
			);
			fileSystemSynchronizedGroups = (
				6D2067812E0D31AF00CDE2AE /* PassManager */,
			);
			name = PassManager;
			packageProductDependencies = (
				6DAA677E2E0D5B24003DCBAC /* FirebaseCore */,
				6DAA67802E0D5B24003DCBAC /* FirebaseFirestore */,
			);
			productName = PassManager;
			productReference = 6D20677F2E0D31AF00CDE2AE /* PassManager.app */;
			productType = "com.apple.product-type.application";
		};
		6D20678B2E0D31B200CDE2AE /* PassManagerTests */ = {
			isa = PBXNativeTarget;
			buildConfigurationList = 6D2067A32E0D31B200CDE2AE /* Build configuration list for PBXNativeTarget "PassManagerTests" */;
			buildPhases = (
				6D2067882E0D31B200CDE2AE /* Sources */,
				6D2067892E0D31B200CDE2AE /* Frameworks */,
				6D20678A2E0D31B200CDE2AE /* Resources */,
			);
			buildRules = (
			);
			dependencies = (
				6D20678E2E0D31B200CDE2AE /* PBXTargetDependency */,
			);
			fileSystemSynchronizedGroups = (
				6D20678F2E0D31B200CDE2AE /* PassManagerTests */,
			);
			name = PassManagerTests;
			packageProductDependencies = (
			);
			productName = PassManagerTests;
			productReference = 6D20678C2E0D31B200CDE2AE /* PassManagerTests.xctest */;
			productType = "com.apple.product-type.bundle.unit-test";
		};
		6D2067952E0D31B200CDE2AE /* PassManagerUITests */ = {
			isa = PBXNativeTarget;
			buildConfigurationList = 6D2067A62E0D31B200CDE2AE /* Build configuration list for PBXNativeTarget "PassManagerUITests" */;
			buildPhases = (
				6D2067922E0D31B200CDE2AE /* Sources */,
				6D2067932E0D31B200CDE2AE /* Frameworks */,
				6D2067942E0D31B200CDE2AE /* Resources */,
			);
			buildRules = (
			);
			dependencies = (
				6D2067982E0D31B200CDE2AE /* PBXTargetDependency */,
			);
			fileSystemSynchronizedGroups = (
				6D2067992E0D31B200CDE2AE /* PassManagerUITests */,
			);
			name = PassManagerUITests;
			packageProductDependencies = (
			);
			productName = PassManagerUITests;
			productReference = 6D2067962E0D31B200CDE2AE /* PassManagerUITests.xctest */;
			productType = "com.apple.product-type.bundle.ui-testing";
		};
/* End PBXNativeTarget section */

/* Begin PBXProject section */
		6D2067772E0D31AF00CDE2AE /* Project object */ = {
			isa = PBXProject;
			attributes = {
				BuildIndependentTargetsInParallel = 1;
				LastSwiftUpdateCheck = 1640;
				LastUpgradeCheck = 1640;
				TargetAttributes = {
					6D20677E2E0D31AF00CDE2AE = {
						CreatedOnToolsVersion = 16.4;
					};
					6D20678B2E0D31B200CDE2AE = {
						CreatedOnToolsVersion = 16.4;
						TestTargetID = 6D20677E2E0D31AF00CDE2AE;
					};
					6D2067952E0D31B200CDE2AE = {
						CreatedOnToolsVersion = 16.4;
						TestTargetID = 6D20677E2E0D31AF00CDE2AE;
					};
				};
			};
			buildConfigurationList = 6D20677A2E0D31AF00CDE2AE /* Build configuration list for PBXProject "PassManager" */;
			developmentRegion = en;
			hasScannedForEncodings = 0;
			knownRegions = (
				en,
				Base,
			);
			mainGroup = 6D2067762E0D31AF00CDE2AE;
			minimizedProjectReferenceProxies = 1;
			packageReferences = (
				6DAA677D2E0D5B24003DCBAC /* XCRemoteSwiftPackageReference "firebase-ios-sdk" */,
			);
			preferredProjectObjectVersion = 77;
			productRefGroup = 6D2067802E0D31AF00CDE2AE /* Products */;
			projectDirPath = "";
			projectRoot = "";
			targets = (
				6D20677E2E0D31AF00CDE2AE /* PassManager */,
				6D20678B2E0D31B200CDE2AE /* PassManagerTests */,
				6D2067952E0D31B200CDE2AE /* PassManagerUITests */,
			);
		};
/* End PBXProject section */

/* Begin PBXResourcesBuildPhase section */
		6D20677D2E0D31AF00CDE2AE /* Resources */ = {
			isa = PBXResourcesBuildPhase;
			buildActionMask = 2147483647;
			files = (
			);
			runOnlyForDeploymentPostprocessing = 0;
		};
		6D20678A2E0D31B200CDE2AE /* Resources */ = {
			isa = PBXResourcesBuildPhase;
			buildActionMask = 2147483647;
			files = (
			);
			runOnlyForDeploymentPostprocessing = 0;
		};
		6D2067942E0D31B200CDE2AE /* Resources */ = {
			isa = PBXResourcesBuildPhase;
			buildActionMask = 2147483647;
			files = (
			);
			runOnlyForDeploymentPostprocessing = 0;
		};
/* End PBXResourcesBuildPhase section */

/* Begin PBXSourcesBuildPhase section */
		6D20677B2E0D31AF00CDE2AE /* Sources */ = {
			isa = PBXSourcesBuildPhase;
			buildActionMask = 2147483647;
			files = (
			);
			runOnlyForDeploymentPostprocessing = 0;
		};
		6D2067882E0D31B200CDE2AE /* Sources */ = {
			isa = PBXSourcesBuildPhase;
			buildActionMask = 2147483647;
			files = (
			);
			runOnlyForDeploymentPostprocessing = 0;
		};
		6D2067922E0D31B200CDE2AE /* Sources */ = {
			isa = PBXSourcesBuildPhase;
			buildActionMask = 2147483647;
			files = (
			);
			runOnlyForDeploymentPostprocessing = 0;
		};
/* End PBXSourcesBuildPhase section */

/* Begin PBXTargetDependency section */
		6D20678E2E0D31B200CDE2AE /* PBXTargetDependency */ = {
			isa = PBXTargetDependency;
			target = 6D20677E2E0D31AF00CDE2AE /* PassManager */;
			targetProxy = 6D20678D2E0D31B200CDE2AE /* PBXContainerItemProxy */;
		};
		6D2067982E0D31B200CDE2AE /* PBXTargetDependency */ = {
			isa = PBXTargetDependency;
			target = 6D20677E2E0D31AF00CDE2AE /* PassManager */;
			targetProxy = 6D2067972E0D31B200CDE2AE /* PBXContainerItemProxy */;
		};
/* End PBXTargetDependency section */

/* Begin XCBuildConfiguration section */
		6D20679E2E0D31B200CDE2AE /* Debug */ = {
			isa = XCBuildConfiguration;
			buildSettings = {
				ALWAYS_SEARCH_USER_PATHS = NO;
				ASSETCATALOG_COMPILER_GENERATE_SWIFT_ASSET_SYMBOL_EXTENSIONS = YES;
				CLANG_ANALYZER_NONNULL = YES;
				CLANG_ANALYZER_NUMBER_OBJECT_CONVERSION = YES_AGGRESSIVE;
				CLANG_CXX_LANGUAGE_STANDARD = "gnu++20";
				CLANG_ENABLE_MODULES = YES;
				CLANG_ENABLE_OBJC_ARC = YES;
				CLANG_ENABLE_OBJC_WEAK = YES;
				CLANG_WARN_BLOCK_CAPTURE_AUTORELEASING = YES;
				CLANG_WARN_BOOL_CONVERSION = YES;
				CLANG_WARN_COMMA = YES;
				CLANG_WARN_CONSTANT_CONVERSION = YES;
				CLANG_WARN_DEPRECATED_OBJC_IMPLEMENTATIONS = YES;
				CLANG_WARN_DIRECT_OBJC_ISA_USAGE = YES_ERROR;
				CLANG_WARN_DOCUMENTATION_COMMENTS = YES;
				CLANG_WARN_EMPTY_BODY = YES;
				CLANG_WARN_ENUM_CONVERSION = YES;
				CLANG_WARN_INFINITE_RECURSION = YES;
				CLANG_WARN_INT_CONVERSION = YES;
				CLANG_WARN_NON_LITERAL_NULL_CONVERSION = YES;
				CLANG_WARN_OBJC_IMPLICIT_RETAIN_SELF = YES;
				CLANG_WARN_OBJC_LITERAL_CONVERSION = YES;
				CLANG_WARN_OBJC_ROOT_CLASS = YES_ERROR;
				CLANG_WARN_QUOTED_INCLUDE_IN_FRAMEWORK_HEADER = YES;
				CLANG_WARN_RANGE_LOOP_ANALYSIS = YES;
				CLANG_WARN_STRICT_PROTOTYPES = YES;
				CLANG_WARN_SUSPICIOUS_MOVE = YES;
				CLANG_WARN_UNGUARDED_AVAILABILITY = YES_AGGRESSIVE;
				CLANG_WARN_UNREACHABLE_CODE = YES;
				CLANG_WARN__DUPLICATE_METHOD_MATCH = YES;
				COPY_PHASE_STRIP = NO;
				DEBUG_INFORMATION_FORMAT = dwarf;
				DEVELOPMENT_TEAM = 34C9XK8774;
				ENABLE_STRICT_OBJC_MSGSEND = YES;
				ENABLE_TESTABILITY = YES;
				ENABLE_USER_SCRIPT_SANDBOXING = YES;
				GCC_C_LANGUAGE_STANDARD = gnu17;
				GCC_DYNAMIC_NO_PIC = NO;
				GCC_NO_COMMON_BLOCKS = YES;
				GCC_OPTIMIZATION_LEVEL = 0;
				GCC_PREPROCESSOR_DEFINITIONS = (
					"DEBUG=1",
					"$(inherited)",
				);
				GCC_WARN_64_TO_32_BIT_CONVERSION = YES;
				GCC_WARN_ABOUT_RETURN_TYPE = YES_ERROR;
				GCC_WARN_UNDECLARED_SELECTOR = YES;
				GCC_WARN_UNINITIALIZED_AUTOS = YES_AGGRESSIVE;
				GCC_WARN_UNUSED_FUNCTION = YES;
				GCC_WARN_UNUSED_VARIABLE = YES;
				IPHONEOS_DEPLOYMENT_TARGET = 18.5;
				LOCALIZATION_PREFERS_STRING_CATALOGS = YES;
				MTL_ENABLE_DEBUG_INFO = INCLUDE_SOURCE;
				MTL_FAST_MATH = YES;
				ONLY_ACTIVE_ARCH = YES;
				SDKROOT = iphoneos;
				SWIFT_ACTIVE_COMPILATION_CONDITIONS = "DEBUG $(inherited)";
				SWIFT_OPTIMIZATION_LEVEL = "-Onone";
			};
			name = Debug;
		};
		6D20679F2E0D31B200CDE2AE /* Release */ = {
			isa = XCBuildConfiguration;
			buildSettings = {
				ALWAYS_SEARCH_USER_PATHS = NO;
				ASSETCATALOG_COMPILER_GENERATE_SWIFT_ASSET_SYMBOL_EXTENSIONS = YES;
				CLANG_ANALYZER_NONNULL = YES;
				CLANG_ANALYZER_NUMBER_OBJECT_CONVERSION = YES_AGGRESSIVE;
				CLANG_CXX_LANGUAGE_STANDARD = "gnu++20";
				CLANG_ENABLE_MODULES = YES;
				CLANG_ENABLE_OBJC_ARC = YES;
				CLANG_ENABLE_OBJC_WEAK = YES;
				CLANG_WARN_BLOCK_CAPTURE_AUTORELEASING = YES;
				CLANG_WARN_BOOL_CONVERSION = YES;
				CLANG_WARN_COMMA = YES;
				CLANG_WARN_CONSTANT_CONVERSION = YES;
				CLANG_WARN_DEPRECATED_OBJC_IMPLEMENTATIONS = YES;
				CLANG_WARN_DIRECT_OBJC_ISA_USAGE = YES_ERROR;
				CLANG_WARN_DOCUMENTATION_COMMENTS = YES;
				CLANG_WARN_EMPTY_BODY = YES;
				CLANG_WARN_ENUM_CONVERSION = YES;
				CLANG_WARN_INFINITE_RECURSION = YES;
				CLANG_WARN_INT_CONVERSION = YES;
				CLANG_WARN_NON_LITERAL_NULL_CONVERSION = YES;
				CLANG_WARN_OBJC_IMPLICIT_RETAIN_SELF = YES;
				CLANG_WARN_OBJC_LITERAL_CONVERSION = YES;
				CLANG_WARN_OBJC_ROOT_CLASS = YES_ERROR;
				CLANG_WARN_QUOTED_INCLUDE_IN_FRAMEWORK_HEADER = YES;
				CLANG_WARN_RANGE_LOOP_ANALYSIS = YES;
				CLANG_WARN_STRICT_PROTOTYPES = YES;
				CLANG_WARN_SUSPICIOUS_MOVE = YES;
				CLANG_WARN_UNGUARDED_AVAILABILITY = YES_AGGRESSIVE;
				CLANG_WARN_UNREACHABLE_CODE = YES;
				CLANG_WARN__DUPLICATE_METHOD_MATCH = YES;
				COPY_PHASE_STRIP = NO;
				DEBUG_INFORMATION_FORMAT = "dwarf-with-dsym";
				DEVELOPMENT_TEAM = 34C9XK8774;
				ENABLE_NS_ASSERTIONS = NO;
				ENABLE_STRICT_OBJC_MSGSEND = YES;
				ENABLE_USER_SCRIPT_SANDBOXING = YES;
				GCC_C_LANGUAGE_STANDARD = gnu17;
				GCC_NO_COMMON_BLOCKS = YES;
				GCC_WARN_64_TO_32_BIT_CONVERSION = YES;
				GCC_WARN_ABOUT_RETURN_TYPE = YES_ERROR;
				GCC_WARN_UNDECLARED_SELECTOR = YES;
				GCC_WARN_UNINITIALIZED_AUTOS = YES_AGGRESSIVE;
				GCC_WARN_UNUSED_FUNCTION = YES;
				GCC_WARN_UNUSED_VARIABLE = YES;
				IPHONEOS_DEPLOYMENT_TARGET = 18.5;
				LOCALIZATION_PREFERS_STRING_CATALOGS = YES;
				MTL_ENABLE_DEBUG_INFO = NO;
				MTL_FAST_MATH = YES;
				SDKROOT = iphoneos;
				SWIFT_COMPILATION_MODE = wholemodule;
				VALIDATE_PRODUCT = YES;
			};
			name = Release;
		};
		6D2067A12E0D31B200CDE2AE /* Debug */ = {
			isa = XCBuildConfiguration;
			buildSettings = {
				ASSETCATALOG_COMPILER_APPICON_NAME = AppIcon;
				ASSETCATALOG_COMPILER_GLOBAL_ACCENT_COLOR_NAME = AccentColor;
				CODE_SIGN_STYLE = Automatic;
				CURRENT_PROJECT_VERSION = 1;
				DEVELOPMENT_TEAM = 34C9XK8774;
				ENABLE_PREVIEWS = YES;
				GENERATE_INFOPLIST_FILE = YES;
				INFOPLIST_KEY_CFBundleDisplayName = "Pass Manager";
				INFOPLIST_KEY_LSApplicationCategoryType = "public.app-category.utilities";
				INFOPLIST_KEY_NSCameraUsageDescription = "We need to use the camera to scan barcodes.";
				INFOPLIST_KEY_UIApplicationSceneManifest_Generation = YES;
				INFOPLIST_KEY_UIApplicationSupportsIndirectInputEvents = YES;
				INFOPLIST_KEY_UILaunchScreen_Generation = YES;
				INFOPLIST_KEY_UISupportedInterfaceOrientations_iPad = "UIInterfaceOrientationPortrait UIInterfaceOrientationPortraitUpsideDown UIInterfaceOrientationLandscapeLeft UIInterfaceOrientationLandscapeRight";
				INFOPLIST_KEY_UISupportedInterfaceOrientations_iPhone = "UIInterfaceOrientationPortrait UIInterfaceOrientationLandscapeLeft UIInterfaceOrientationLandscapeRight";
				IPHONEOS_DEPLOYMENT_TARGET = 18.0;
				LD_RUNPATH_SEARCH_PATHS = (
					"$(inherited)",
					"@executable_path/Frameworks",
				);
				MARKETING_VERSION = 1.0;
				PRODUCT_BUNDLE_IDENTIFIER = com.YukJunLim.PassManager;
				PRODUCT_NAME = "$(TARGET_NAME)";
				SWIFT_EMIT_LOC_STRINGS = YES;
				SWIFT_VERSION = 5.0;
				TARGETED_DEVICE_FAMILY = "1,2";
			};
			name = Debug;
		};
		6D2067A22E0D31B200CDE2AE /* Release */ = {
			isa = XCBuildConfiguration;
			buildSettings = {
				ASSETCATALOG_COMPILER_APPICON_NAME = AppIcon;
				ASSETCATALOG_COMPILER_GLOBAL_ACCENT_COLOR_NAME = AccentColor;
				CODE_SIGN_STYLE = Automatic;
				CURRENT_PROJECT_VERSION = 1;
				DEVELOPMENT_TEAM = 34C9XK8774;
				ENABLE_PREVIEWS = YES;
				GENERATE_INFOPLIST_FILE = YES;
				INFOPLIST_KEY_CFBundleDisplayName = "Pass Manager";
				INFOPLIST_KEY_LSApplicationCategoryType = "public.app-category.utilities";
				INFOPLIST_KEY_NSCameraUsageDescription = "We need to use the camera to scan barcodes.";
				INFOPLIST_KEY_UIApplicationSceneManifest_Generation = YES;
				INFOPLIST_KEY_UIApplicationSupportsIndirectInputEvents = YES;
				INFOPLIST_KEY_UILaunchScreen_Generation = YES;
				INFOPLIST_KEY_UISupportedInterfaceOrientations_iPad = "UIInterfaceOrientationPortrait UIInterfaceOrientationPortraitUpsideDown UIInterfaceOrientationLandscapeLeft UIInterfaceOrientationLandscapeRight";
				INFOPLIST_KEY_UISupportedInterfaceOrientations_iPhone = "UIInterfaceOrientationPortrait UIInterfaceOrientationLandscapeLeft UIInterfaceOrientationLandscapeRight";
				IPHONEOS_DEPLOYMENT_TARGET = 18.0;
				LD_RUNPATH_SEARCH_PATHS = (
					"$(inherited)",
					"@executable_path/Frameworks",
				);
				MARKETING_VERSION = 1.0;
				PRODUCT_BUNDLE_IDENTIFIER = com.YukJunLim.PassManager;
				PRODUCT_NAME = "$(TARGET_NAME)";
				SWIFT_EMIT_LOC_STRINGS = YES;
				SWIFT_VERSION = 5.0;
				TARGETED_DEVICE_FAMILY = "1,2";
			};
			name = Release;
		};
		6D2067A42E0D31B200CDE2AE /* Debug */ = {
			isa = XCBuildConfiguration;
			buildSettings = {
				BUNDLE_LOADER = "$(TEST_HOST)";
				CODE_SIGN_STYLE = Automatic;
				CURRENT_PROJECT_VERSION = 1;
				DEVELOPMENT_TEAM = 34C9XK8774;
				GENERATE_INFOPLIST_FILE = YES;
				IPHONEOS_DEPLOYMENT_TARGET = 18.5;
				MARKETING_VERSION = 1.0;
				PRODUCT_BUNDLE_IDENTIFIER = com.YukJunLim.PassManagerTests;
				PRODUCT_NAME = "$(TARGET_NAME)";
				SWIFT_EMIT_LOC_STRINGS = NO;
				SWIFT_VERSION = 5.0;
				TARGETED_DEVICE_FAMILY = "1,2";
				TEST_HOST = "$(BUILT_PRODUCTS_DIR)/PassManager.app/$(BUNDLE_EXECUTABLE_FOLDER_PATH)/PassManager";
			};
			name = Debug;
		};
		6D2067A52E0D31B200CDE2AE /* Release */ = {
			isa = XCBuildConfiguration;
			buildSettings = {
				BUNDLE_LOADER = "$(TEST_HOST)";
				CODE_SIGN_STYLE = Automatic;
				CURRENT_PROJECT_VERSION = 1;
				DEVELOPMENT_TEAM = 34C9XK8774;
				GENERATE_INFOPLIST_FILE = YES;
				IPHONEOS_DEPLOYMENT_TARGET = 18.5;
				MARKETING_VERSION = 1.0;
				PRODUCT_BUNDLE_IDENTIFIER = com.YukJunLim.PassManagerTests;
				PRODUCT_NAME = "$(TARGET_NAME)";
				SWIFT_EMIT_LOC_STRINGS = NO;
				SWIFT_VERSION = 5.0;
				TARGETED_DEVICE_FAMILY = "1,2";
				TEST_HOST = "$(BUILT_PRODUCTS_DIR)/PassManager.app/$(BUNDLE_EXECUTABLE_FOLDER_PATH)/PassManager";
			};
			name = Release;
		};
		6D2067A72E0D31B200CDE2AE /* Debug */ = {
			isa = XCBuildConfiguration;
			buildSettings = {
				CODE_SIGN_STYLE = Automatic;
				CURRENT_PROJECT_VERSION = 1;
				DEVELOPMENT_TEAM = 34C9XK8774;
				GENERATE_INFOPLIST_FILE = YES;
				MARKETING_VERSION = 1.0;
				PRODUCT_BUNDLE_IDENTIFIER = com.YukJunLim.PassManagerUITests;
				PRODUCT_NAME = "$(TARGET_NAME)";
				SWIFT_EMIT_LOC_STRINGS = NO;
				SWIFT_VERSION = 5.0;
				TARGETED_DEVICE_FAMILY = "1,2";
				TEST_TARGET_NAME = PassManager;
			};
			name = Debug;
		};
		6D2067A82E0D31B200CDE2AE /* Release */ = {
			isa = XCBuildConfiguration;
			buildSettings = {
				CODE_SIGN_STYLE = Automatic;
				CURRENT_PROJECT_VERSION = 1;
				DEVELOPMENT_TEAM = 34C9XK8774;
				GENERATE_INFOPLIST_FILE = YES;
				MARKETING_VERSION = 1.0;
				PRODUCT_BUNDLE_IDENTIFIER = com.YukJunLim.PassManagerUITests;
				PRODUCT_NAME = "$(TARGET_NAME)";
				SWIFT_EMIT_LOC_STRINGS = NO;
				SWIFT_VERSION = 5.0;
				TARGETED_DEVICE_FAMILY = "1,2";
				TEST_TARGET_NAME = PassManager;
			};
			name = Release;
		};
/* End XCBuildConfiguration section */

/* Begin XCConfigurationList section */
		6D20677A2E0D31AF00CDE2AE /* Build configuration list for PBXProject "PassManager" */ = {
			isa = XCConfigurationList;
			buildConfigurations = (
				6D20679E2E0D31B200CDE2AE /* Debug */,
				6D20679F2E0D31B200CDE2AE /* Release */,
			);
			defaultConfigurationIsVisible = 0;
			defaultConfigurationName = Release;
		};
		6D2067A02E0D31B200CDE2AE /* Build configuration list for PBXNativeTarget "PassManager" */ = {
			isa = XCConfigurationList;
			buildConfigurations = (
				6D2067A12E0D31B200CDE2AE /* Debug */,
				6D2067A22E0D31B200CDE2AE /* Release */,
			);
			defaultConfigurationIsVisible = 0;
			defaultConfigurationName = Release;
		};
		6D2067A32E0D31B200CDE2AE /* Build configuration list for PBXNativeTarget "PassManagerTests" */ = {
			isa = XCConfigurationList;
			buildConfigurations = (
				6D2067A42E0D31B200CDE2AE /* Debug */,
				6D2067A52E0D31B200CDE2AE /* Release */,
			);
			defaultConfigurationIsVisible = 0;
			defaultConfigurationName = Release;
		};
		6D2067A62E0D31B200CDE2AE /* Build configuration list for PBXNativeTarget "PassManagerUITests" */ = {
			isa = XCConfigurationList;
			buildConfigurations = (
				6D2067A72E0D31B200CDE2AE /* Debug */,
				6D2067A82E0D31B200CDE2AE /* Release */,
			);
			defaultConfigurationIsVisible = 0;
			defaultConfigurationName = Release;
		};
/* End XCConfigurationList section */

/* Begin XCRemoteSwiftPackageReference section */
		6DAA677D2E0D5B24003DCBAC /* XCRemoteSwiftPackageReference "firebase-ios-sdk" */ = {
			isa = XCRemoteSwiftPackageReference;
			repositoryURL = "https://github.com/firebase/firebase-ios-sdk";
			requirement = {
				kind = upToNextMajorVersion;
				minimumVersion = 11.15.0;
			};
		};
/* End XCRemoteSwiftPackageReference section */

/* Begin XCSwiftPackageProductDependency section */
		6DAA677E2E0D5B24003DCBAC /* FirebaseCore */ = {
			isa = XCSwiftPackageProductDependency;
			package = 6DAA677D2E0D5B24003DCBAC /* XCRemoteSwiftPackageReference "firebase-ios-sdk" */;
			productName = FirebaseCore;
		};
		6DAA67802E0D5B24003DCBAC /* FirebaseFirestore */ = {
			isa = XCSwiftPackageProductDependency;
			package = 6DAA677D2E0D5B24003DCBAC /* XCRemoteSwiftPackageReference "firebase-ios-sdk" */;
			productName = FirebaseFirestore;
		};
/* End XCSwiftPackageProductDependency section */
	};
	rootObject = 6D2067772E0D31AF00CDE2AE /* Project object */;
}
